// !$*UTF8*$!
{
	archiveVersion = 1;
	classes = {
	};
	objectVersion = 46;
	objects = {

/* Begin PBXBuildFile section */
		679F69B715B8AE0F00619F62 /* UIKit.framework in Frameworks */ = {isa = PBXBuildFile; fileRef = 679F69B615B8AE0F00619F62 /* UIKit.framework */; };
		679F69B915B8AE0F00619F62 /* Foundation.framework in Frameworks */ = {isa = PBXBuildFile; fileRef = 679F69B815B8AE0F00619F62 /* Foundation.framework */; };
		679F69BB15B8AE0F00619F62 /* CoreGraphics.framework in Frameworks */ = {isa = PBXBuildFile; fileRef = 679F69BA15B8AE0F00619F62 /* CoreGraphics.framework */; };
		679F69C115B8AE0F00619F62 /* InfoPlist.strings in Resources */ = {isa = PBXBuildFile; fileRef = 679F69BF15B8AE0F00619F62 /* InfoPlist.strings */; };
		679F69C315B8AE0F00619F62 /* main.m in Sources */ = {isa = PBXBuildFile; fileRef = 679F69C215B8AE0F00619F62 /* main.m */; };
		679F69C715B8AE0F00619F62 /* AppDelegate.m in Sources */ = {isa = PBXBuildFile; fileRef = 679F69C615B8AE0F00619F62 /* AppDelegate.m */; };
		679F69CA15B8AE0F00619F62 /* ViewController.m in Sources */ = {isa = PBXBuildFile; fileRef = 679F69C915B8AE0F00619F62 /* ViewController.m */; };
		679F69CD15B8AE0F00619F62 /* ViewController_iPhone.xib in Resources */ = {isa = PBXBuildFile; fileRef = 679F69CB15B8AE0F00619F62 /* ViewController_iPhone.xib */; };
		679F69D015B8AE0F00619F62 /* ViewController_iPad.xib in Resources */ = {isa = PBXBuildFile; fileRef = 679F69CE15B8AE0F00619F62 /* ViewController_iPad.xib */; };
		679F69D815B8AE0F00619F62 /* SenTestingKit.framework in Frameworks */ = {isa = PBXBuildFile; fileRef = 679F69D715B8AE0F00619F62 /* SenTestingKit.framework */; };
		679F69D915B8AE0F00619F62 /* UIKit.framework in Frameworks */ = {isa = PBXBuildFile; fileRef = 679F69B615B8AE0F00619F62 /* UIKit.framework */; };
		679F69DA15B8AE0F00619F62 /* Foundation.framework in Frameworks */ = {isa = PBXBuildFile; fileRef = 679F69B815B8AE0F00619F62 /* Foundation.framework */; };
		679F69E215B8AE0F00619F62 /* InfoPlist.strings in Resources */ = {isa = PBXBuildFile; fileRef = 679F69E015B8AE0F00619F62 /* InfoPlist.strings */; };
		679F69E515B8AE0F00619F62 /* CameraProgrammingTests.m in Sources */ = {isa = PBXBuildFile; fileRef = 679F69E415B8AE0F00619F62 /* CameraProgrammingTests.m */; };
		679F69EF15B8B2B100619F62 /* AVFoundation.framework in Frameworks */ = {isa = PBXBuildFile; fileRef = 679F69EE15B8B2B100619F62 /* AVFoundation.framework */; };
		679F69F115B8B35C00619F62 /* MobileCoreServices.framework in Frameworks */ = {isa = PBXBuildFile; fileRef = 679F69F015B8B35C00619F62 /* MobileCoreServices.framework */; };
/* End PBXBuildFile section */

/* Begin PBXContainerItemProxy section */
		679F69DB15B8AE0F00619F62 /* PBXContainerItemProxy */ = {
			isa = PBXContainerItemProxy;
			containerPortal = 679F69A915B8AE0F00619F62 /* Project object */;
			proxyType = 1;
			remoteGlobalIDString = 679F69B115B8AE0F00619F62;
			remoteInfo = CameraProgramming;
		};
/* End PBXContainerItemProxy section */

/* Begin PBXFileReference section */
		679F69B215B8AE0F00619F62 /* CameraProgramming.app */ = {isa = PBXFileReference; explicitFileType = wrapper.application; includeInIndex = 0; path = CameraProgramming.app; sourceTree = BUILT_PRODUCTS_DIR; };
		679F69B615B8AE0F00619F62 /* UIKit.framework */ = {isa = PBXFileReference; lastKnownFileType = wrapper.framework; name = UIKit.framework; path = System/Library/Frameworks/UIKit.framework; sourceTree = SDKROOT; };
		679F69B815B8AE0F00619F62 /* Foundation.framework */ = {isa = PBXFileReference; lastKnownFileType = wrapper.framework; name = Foundation.framework; path = System/Library/Frameworks/Foundation.framework; sourceTree = SDKROOT; };
		679F69BA15B8AE0F00619F62 /* CoreGraphics.framework */ = {isa = PBXFileReference; lastKnownFileType = wrapper.framework; name = CoreGraphics.framework; path = System/Library/Frameworks/CoreGraphics.framework; sourceTree = SDKROOT; };
		679F69BE15B8AE0F00619F62 /* CameraProgramming-Info.plist */ = {isa = PBXFileReference; lastKnownFileType = text.plist.xml; path = "CameraProgramming-Info.plist"; sourceTree = "<group>"; };
		679F69C015B8AE0F00619F62 /* en */ = {isa = PBXFileReference; lastKnownFileType = text.plist.strings; name = en; path = en.lproj/InfoPlist.strings; sourceTree = "<group>"; };
		679F69C215B8AE0F00619F62 /* main.m */ = {isa = PBXFileReference; lastKnownFileType = sourcecode.c.objc; path = main.m; sourceTree = "<group>"; };
		679F69C415B8AE0F00619F62 /* CameraProgramming-Prefix.pch */ = {isa = PBXFileReference; lastKnownFileType = sourcecode.c.h; path = "CameraProgramming-Prefix.pch"; sourceTree = "<group>"; };
		679F69C515B8AE0F00619F62 /* AppDelegate.h */ = {isa = PBXFileReference; lastKnownFileType = sourcecode.c.h; path = AppDelegate.h; sourceTree = "<group>"; };
		679F69C615B8AE0F00619F62 /* AppDelegate.m */ = {isa = PBXFileReference; lastKnownFileType = sourcecode.c.objc; path = AppDelegate.m; sourceTree = "<group>"; };
		679F69C815B8AE0F00619F62 /* ViewController.h */ = {isa = PBXFileReference; lastKnownFileType = sourcecode.c.h; path = ViewController.h; sourceTree = "<group>"; };
		679F69C915B8AE0F00619F62 /* ViewController.m */ = {isa = PBXFileReference; lastKnownFileType = sourcecode.c.objc; path = ViewController.m; sourceTree = "<group>"; };
		679F69CC15B8AE0F00619F62 /* en */ = {isa = PBXFileReference; lastKnownFileType = file.xib; name = en; path = en.lproj/ViewController_iPhone.xib; sourceTree = "<group>"; };
		679F69CF15B8AE0F00619F62 /* en */ = {isa = PBXFileReference; lastKnownFileType = file.xib; name = en; path = en.lproj/ViewController_iPad.xib; sourceTree = "<group>"; };
		679F69D615B8AE0F00619F62 /* CameraProgrammingTests.octest */ = {isa = PBXFileReference; explicitFileType = wrapper.cfbundle; includeInIndex = 0; path = CameraProgrammingTests.octest; sourceTree = BUILT_PRODUCTS_DIR; };
		679F69D715B8AE0F00619F62 /* SenTestingKit.framework */ = {isa = PBXFileReference; lastKnownFileType = wrapper.framework; name = SenTestingKit.framework; path = Library/Frameworks/SenTestingKit.framework; sourceTree = DEVELOPER_DIR; };
		679F69DF15B8AE0F00619F62 /* CameraProgrammingTests-Info.plist */ = {isa = PBXFileReference; lastKnownFileType = text.plist.xml; path = "CameraProgrammingTests-Info.plist"; sourceTree = "<group>"; };
		679F69E115B8AE0F00619F62 /* en */ = {isa = PBXFileReference; lastKnownFileType = text.plist.strings; name = en; path = en.lproj/InfoPlist.strings; sourceTree = "<group>"; };
		679F69E315B8AE0F00619F62 /* CameraProgrammingTests.h */ = {isa = PBXFileReference; lastKnownFileType = sourcecode.c.h; path = CameraProgrammingTests.h; sourceTree = "<group>"; };
		679F69E415B8AE0F00619F62 /* CameraProgrammingTests.m */ = {isa = PBXFileReference; lastKnownFileType = sourcecode.c.objc; path = CameraProgrammingTests.m; sourceTree = "<group>"; };
		679F69EE15B8B2B100619F62 /* AVFoundation.framework */ = {isa = PBXFileReference; lastKnownFileType = wrapper.framework; name = AVFoundation.framework; path = System/Library/Frameworks/AVFoundation.framework; sourceTree = SDKROOT; };
		679F69F015B8B35C00619F62 /* MobileCoreServices.framework */ = {isa = PBXFileReference; lastKnownFileType = wrapper.framework; name = MobileCoreServices.framework; path = System/Library/Frameworks/MobileCoreServices.framework; sourceTree = SDKROOT; };
/* End PBXFileReference section */

/* Begin PBXFrameworksBuildPhase section */
		679F69AF15B8AE0F00619F62 /* Frameworks */ = {
			isa = PBXFrameworksBuildPhase;
			buildActionMask = 2147483647;
			files = (
				679F69F115B8B35C00619F62 /* MobileCoreServices.framework in Frameworks */,
				679F69EF15B8B2B100619F62 /* AVFoundation.framework in Frameworks */,
				679F69B715B8AE0F00619F62 /* UIKit.framework in Frameworks */,
				679F69B915B8AE0F00619F62 /* Foundation.framework in Frameworks */,
				679F69BB15B8AE0F00619F62 /* CoreGraphics.framework in Frameworks */,
			);
			runOnlyForDeploymentPostprocessing = 0;
		};
		679F69D215B8AE0F00619F62 /* Frameworks */ = {
			isa = PBXFrameworksBuildPhase;
			buildActionMask = 2147483647;
			files = (
				679F69D815B8AE0F00619F62 /* SenTestingKit.framework in Frameworks */,
				679F69D915B8AE0F00619F62 /* UIKit.framework in Frameworks */,
				679F69DA15B8AE0F00619F62 /* Foundation.framework in Frameworks */,
			);
			runOnlyForDeploymentPostprocessing = 0;
		};
/* End PBXFrameworksBuildPhase section */

/* Begin PBXGroup section */
		679F69A715B8AE0F00619F62 = {
			isa = PBXGroup;
			children = (
				679F69F015B8B35C00619F62 /* MobileCoreServices.framework */,
				679F69EE15B8B2B100619F62 /* AVFoundation.framework */,
				679F69BC15B8AE0F00619F62 /* CameraProgramming */,
				679F69DD15B8AE0F00619F62 /* CameraProgrammingTests */,
				679F69B515B8AE0F00619F62 /* Frameworks */,
				679F69B315B8AE0F00619F62 /* Products */,
			);
			sourceTree = "<group>";
		};
		679F69B315B8AE0F00619F62 /* Products */ = {
			isa = PBXGroup;
			children = (
				679F69B215B8AE0F00619F62 /* CameraProgramming.app */,
				679F69D615B8AE0F00619F62 /* CameraProgrammingTests.octest */,
			);
			name = Products;
			sourceTree = "<group>";
		};
		679F69B515B8AE0F00619F62 /* Frameworks */ = {
			isa = PBXGroup;
			children = (
				679F69B615B8AE0F00619F62 /* UIKit.framework */,
				679F69B815B8AE0F00619F62 /* Foundation.framework */,
				679F69BA15B8AE0F00619F62 /* CoreGraphics.framework */,
				679F69D715B8AE0F00619F62 /* SenTestingKit.framework */,
			);
			name = Frameworks;
			sourceTree = "<group>";
		};
		679F69BC15B8AE0F00619F62 /* CameraProgramming */ = {
			isa = PBXGroup;
			children = (
				679F69C515B8AE0F00619F62 /* AppDelegate.h */,
				679F69C615B8AE0F00619F62 /* AppDelegate.m */,
				679F69C815B8AE0F00619F62 /* ViewController.h */,
				679F69C915B8AE0F00619F62 /* ViewController.m */,
				679F69CB15B8AE0F00619F62 /* ViewController_iPhone.xib */,
				679F69CE15B8AE0F00619F62 /* ViewController_iPad.xib */,
				679F69BD15B8AE0F00619F62 /* Supporting Files */,
			);
			path = CameraProgramming;
			sourceTree = "<group>";
		};
		679F69BD15B8AE0F00619F62 /* Supporting Files */ = {
			isa = PBXGroup;
			children = (
				679F69BE15B8AE0F00619F62 /* CameraProgramming-Info.plist */,
				679F69BF15B8AE0F00619F62 /* InfoPlist.strings */,
				679F69C215B8AE0F00619F62 /* main.m */,
				679F69C415B8AE0F00619F62 /* CameraProgramming-Prefix.pch */,
			);
			name = "Supporting Files";
			sourceTree = "<group>";
		};
		679F69DD15B8AE0F00619F62 /* CameraProgrammingTests */ = {
			isa = PBXGroup;
			children = (
				679F69E315B8AE0F00619F62 /* CameraProgrammingTests.h */,
				679F69E415B8AE0F00619F62 /* CameraProgrammingTests.m */,
				679F69DE15B8AE0F00619F62 /* Supporting Files */,
			);
			path = CameraProgrammingTests;
			sourceTree = "<group>";
		};
		679F69DE15B8AE0F00619F62 /* Supporting Files */ = {
			isa = PBXGroup;
			children = (
				679F69DF15B8AE0F00619F62 /* CameraProgrammingTests-Info.plist */,
				679F69E015B8AE0F00619F62 /* InfoPlist.strings */,
			);
			name = "Supporting Files";
			sourceTree = "<group>";
		};
/* End PBXGroup section */

/* Begin PBXNativeTarget section */
		679F69B115B8AE0F00619F62 /* CameraProgramming */ = {
			isa = PBXNativeTarget;
			buildConfigurationList = 679F69E815B8AE0F00619F62 /* Build configuration list for PBXNativeTarget "CameraProgramming" */;
			buildPhases = (
				679F69AE15B8AE0F00619F62 /* Sources */,
				679F69AF15B8AE0F00619F62 /* Frameworks */,
				679F69B015B8AE0F00619F62 /* Resources */,
			);
			buildRules = (
			);
			dependencies = (
			);
			name = CameraProgramming;
			productName = CameraProgramming;
			productReference = 679F69B215B8AE0F00619F62 /* CameraProgramming.app */;
			productType = "com.apple.product-type.application";
		};
		679F69D515B8AE0F00619F62 /* CameraProgrammingTests */ = {
			isa = PBXNativeTarget;
			buildConfigurationList = 679F69EB15B8AE0F00619F62 /* Build configuration list for PBXNativeTarget "CameraProgrammingTests" */;
			buildPhases = (
				679F69D115B8AE0F00619F62 /* Sources */,
				679F69D215B8AE0F00619F62 /* Frameworks */,
				679F69D315B8AE0F00619F62 /* Resources */,
				679F69D415B8AE0F00619F62 /* ShellScript */,
			);
			buildRules = (
			);
			dependencies = (
				679F69DC15B8AE0F00619F62 /* PBXTargetDependency */,
			);
			name = CameraProgrammingTests;
			productName = CameraProgrammingTests;
			productReference = 679F69D615B8AE0F00619F62 /* CameraProgrammingTests.octest */;
			productType = "com.apple.product-type.bundle";
		};
/* End PBXNativeTarget section */

/* Begin PBXProject section */
		679F69A915B8AE0F00619F62 /* Project object */ = {
			isa = PBXProject;
			attributes = {
				LastUpgradeCheck = 0430;
			};
			buildConfigurationList = 679F69AC15B8AE0F00619F62 /* Build configuration list for PBXProject "CameraProgramming" */;
			compatibilityVersion = "Xcode 3.2";
			developmentRegion = English;
			hasScannedForEncodings = 0;
			knownRegions = (
				en,
			);
			mainGroup = 679F69A715B8AE0F00619F62;
			productRefGroup = 679F69B315B8AE0F00619F62 /* Products */;
			projectDirPath = "";
			projectRoot = "";
			targets = (
				679F69B115B8AE0F00619F62 /* CameraProgramming */,
				679F69D515B8AE0F00619F62 /* CameraProgrammingTests */,
			);
		};
/* End PBXProject section */

/* Begin PBXResourcesBuildPhase section */
		679F69B015B8AE0F00619F62 /* Resources */ = {
			isa = PBXResourcesBuildPhase;
			buildActionMask = 2147483647;
			files = (
				679F69C115B8AE0F00619F62 /* InfoPlist.strings in Resources */,
				679F69CD15B8AE0F00619F62 /* ViewController_iPhone.xib in Resources */,
				679F69D015B8AE0F00619F62 /* ViewController_iPad.xib in Resources */,
			);
			runOnlyForDeploymentPostprocessing = 0;
		};
		679F69D315B8AE0F00619F62 /* Resources */ = {
			isa = PBXResourcesBuildPhase;
			buildActionMask = 2147483647;
			files = (
				679F69E215B8AE0F00619F62 /* InfoPlist.strings in Resources */,
			);
			runOnlyForDeploymentPostprocessing = 0;
		};
/* End PBXResourcesBuildPhase section */

/* Begin PBXShellScriptBuildPhase section */
		679F69D415B8AE0F00619F62 /* ShellScript */ = {
			isa = PBXShellScriptBuildPhase;
			buildActionMask = 2147483647;
			files = (
			);
			inputPaths = (
			);
			outputPaths = (
			);
			runOnlyForDeploymentPostprocessing = 0;
			shellPath = /bin/sh;
			shellScript = "# Run the unit tests in this test bundle.\n\"${SYSTEM_DEVELOPER_DIR}/Tools/RunUnitTests\"\n";
		};
/* End PBXShellScriptBuildPhase section */

/* Begin PBXSourcesBuildPhase section */
		679F69AE15B8AE0F00619F62 /* Sources */ = {
			isa = PBXSourcesBuildPhase;
			buildActionMask = 2147483647;
			files = (
				679F69C315B8AE0F00619F62 /* main.m in Sources */,
				679F69C715B8AE0F00619F62 /* AppDelegate.m in Sources */,
				679F69CA15B8AE0F00619F62 /* ViewController.m in Sources */,
			);
			runOnlyForDeploymentPostprocessing = 0;
		};
		679F69D115B8AE0F00619F62 /* Sources */ = {
			isa = PBXSourcesBuildPhase;
			buildActionMask = 2147483647;
			files = (
				679F69E515B8AE0F00619F62 /* CameraProgrammingTests.m in Sources */,
			);
			runOnlyForDeploymentPostprocessing = 0;
		};
/* End PBXSourcesBuildPhase section */

/* Begin PBXTargetDependency section */
		679F69DC15B8AE0F00619F62 /* PBXTargetDependency */ = {
			isa = PBXTargetDependency;
			target = 679F69B115B8AE0F00619F62 /* CameraProgramming */;
			targetProxy = 679F69DB15B8AE0F00619F62 /* PBXContainerItemProxy */;
		};
/* End PBXTargetDependency section */

/* Begin PBXVariantGroup section */
		679F69BF15B8AE0F00619F62 /* InfoPlist.strings */ = {
			isa = PBXVariantGroup;
			children = (
				679F69C015B8AE0F00619F62 /* en */,
			);
			name = InfoPlist.strings;
			sourceTree = "<group>";
		};
		679F69CB15B8AE0F00619F62 /* ViewController_iPhone.xib */ = {
			isa = PBXVariantGroup;
			children = (
				679F69CC15B8AE0F00619F62 /* en */,
			);
			name = ViewController_iPhone.xib;
			sourceTree = "<group>";
		};
		679F69CE15B8AE0F00619F62 /* ViewController_iPad.xib */ = {
			isa = PBXVariantGroup;
			children = (
				679F69CF15B8AE0F00619F62 /* en */,
			);
			name = ViewController_iPad.xib;
			sourceTree = "<group>";
		};
		679F69E015B8AE0F00619F62 /* InfoPlist.strings */ = {
			isa = PBXVariantGroup;
			children = (
				679F69E115B8AE0F00619F62 /* en */,
			);
			name = InfoPlist.strings;
			sourceTree = "<group>";
		};
/* End PBXVariantGroup section */

/* Begin XCBuildConfiguration section */
		679F69E615B8AE0F00619F62 /* Debug */ = {
			isa = XCBuildConfiguration;
			buildSettings = {
				ALWAYS_SEARCH_USER_PATHS = NO;
				ARCHS = (
					armv7,
					armv6,
				);
				"CODE_SIGN_IDENTITY[sdk=iphoneos*]" = "iPhone Developer";
				COPY_PHASE_STRIP = NO;
				GCC_C_LANGUAGE_STANDARD = gnu99;
				GCC_DYNAMIC_NO_PIC = NO;
				GCC_OPTIMIZATION_LEVEL = 0;
				GCC_PREPROCESSOR_DEFINITIONS = (
					"DEBUG=1",
					"$(inherited)",
				);
				GCC_SYMBOLS_PRIVATE_EXTERN = NO;
				GCC_VERSION = com.apple.compilers.llvm.clang.1_0;
				GCC_WARN_ABOUT_RETURN_TYPE = YES;
				GCC_WARN_UNINITIALIZED_AUTOS = YES;
				GCC_WARN_UNUSED_VARIABLE = YES;
				IPHONEOS_DEPLOYMENT_TARGET = 5.1;
				SDKROOT = iphoneos;
				TARGETED_DEVICE_FAMILY = "1,2";
			};
			name = Debug;
		};
		679F69E715B8AE0F00619F62 /* Release */ = {
			isa = XCBuildConfiguration;
			buildSettings = {
				ALWAYS_SEARCH_USER_PATHS = NO;
				ARCHS = (
					armv7,
					armv6,
				);
				"CODE_SIGN_IDENTITY[sdk=iphoneos*]" = "iPhone Developer";
				COPY_PHASE_STRIP = YES;
				GCC_C_LANGUAGE_STANDARD = gnu99;
				GCC_VERSION = com.apple.compilers.llvm.clang.1_0;
				GCC_WARN_ABOUT_RETURN_TYPE = YES;
				GCC_WARN_UNINITIALIZED_AUTOS = YES;
				GCC_WARN_UNUSED_VARIABLE = YES;
				IPHONEOS_DEPLOYMENT_TARGET = 5.1;
				OTHER_CFLAGS = "-DNS_BLOCK_ASSERTIONS=1";
				SDKROOT = iphoneos;
				TARGETED_DEVICE_FAMILY = "1,2";
				VALIDATE_PRODUCT = YES;
			};
			name = Release;
		};
		679F69E915B8AE0F00619F62 /* Debug */ = {
			isa = XCBuildConfiguration;
			buildSettings = {
				ARCHS = (
					armv7,
					armv6,
				);
				GCC_PRECOMPILE_PREFIX_HEADER = YES;
				GCC_PREFIX_HEADER = "CameraProgramming/CameraProgramming-Prefix.pch";
				INFOPLIST_FILE = "CameraProgramming/CameraProgramming-Info.plist";
				IPHONEOS_DEPLOYMENT_TARGET = 4.0;
				PRODUCT_NAME = "$(TARGET_NAME)";
				WRAPPER_EXTENSION = app;
			};
			name = Debug;
		};
		679F69EA15B8AE0F00619F62 /* Release */ = {
			isa = XCBuildConfiguration;
			buildSettings = {
				ARCHS = (
					armv7,
					armv6,
				);
				GCC_PRECOMPILE_PREFIX_HEADER = YES;
				GCC_PREFIX_HEADER = "CameraProgramming/CameraProgramming-Prefix.pch";
				INFOPLIST_FILE = "CameraProgramming/CameraProgramming-Info.plist";
				IPHONEOS_DEPLOYMENT_TARGET = 4.0;
				PRODUCT_NAME = "$(TARGET_NAME)";
				WRAPPER_EXTENSION = app;
			};
			name = Release;
		};
		679F69EC15B8AE0F00619F62 /* Debug */ = {
			isa = XCBuildConfiguration;
			buildSettings = {
				BUNDLE_LOADER = "$(BUILT_PRODUCTS_DIR)/CameraProgramming.app/CameraProgramming";
				FRAMEWORK_SEARCH_PATHS = (
					"$(SDKROOT)/Developer/Library/Frameworks",
					"$(DEVELOPER_LIBRARY_DIR)/Frameworks",
				);
				GCC_PRECOMPILE_PREFIX_HEADER = YES;
				GCC_PREFIX_HEADER = "CameraProgramming/CameraProgramming-Prefix.pch";
				INFOPLIST_FILE = "CameraProgrammingTests/CameraProgrammingTests-Info.plist";
				PRODUCT_NAME = "$(TARGET_NAME)";
				TEST_HOST = "$(BUNDLE_LOADER)";
				WRAPPER_EXTENSION = octest;
			};
			name = Debug;
		};
		679F69ED15B8AE0F00619F62 /* Release */ = {
			isa = XCBuildConfiguration;
			buildSettings = {
				BUNDLE_LOADER = "$(BUILT_PRODUCTS_DIR)/CameraProgramming.app/CameraProgramming";
				FRAMEWORK_SEARCH_PATHS = (
					"$(SDKROOT)/Developer/Library/Frameworks",
					"$(DEVELOPER_LIBRARY_DIR)/Frameworks",
				);
				GCC_PRECOMPILE_PREFIX_HEADER = YES;
				GCC_PREFIX_HEADER = "CameraProgramming/CameraProgramming-Prefix.pch";
				INFOPLIST_FILE = "CameraProgrammingTests/CameraProgrammingTests-Info.plist";
				PRODUCT_NAME = "$(TARGET_NAME)";
				TEST_HOST = "$(BUNDLE_LOADER)";
				WRAPPER_EXTENSION = octest;
			};
			name = Release;
		};
/* End XCBuildConfiguration section */

/* Begin XCConfigurationList section */
		679F69AC15B8AE0F00619F62 /* Build configuration list for PBXProject "CameraProgramming" */ = {
			isa = XCConfigurationList;
			buildConfigurations = (
				679F69E615B8AE0F00619F62 /* Debug */,
				679F69E715B8AE0F00619F62 /* Release */,
			);
			defaultConfigurationIsVisible = 0;
			defaultConfigurationName = Release;
		};
		679F69E815B8AE0F00619F62 /* Build configuration list for PBXNativeTarget "CameraProgramming" */ = {
			isa = XCConfigurationList;
			buildConfigurations = (
				679F69E915B8AE0F00619F62 /* Debug */,
				679F69EA15B8AE0F00619F62 /* Release */,
			);
			defaultConfigurationIsVisible = 0;
		};
		679F69EB15B8AE0F00619F62 /* Build configuration list for PBXNativeTarget "CameraProgrammingTests" */ = {
			isa = XCConfigurationList;
			buildConfigurations = (
				679F69EC15B8AE0F00619F62 /* Debug */,
				679F69ED15B8AE0F00619F62 /* Release */,
			);
			defaultConfigurationIsVisible = 0;
		};
/* End XCConfigurationList section */
	};
	rootObject = 679F69A915B8AE0F00619F62 /* Project object */;
}
